{
  "name": "render",
  "version": "1.0.0",
  "lockfileVersion": 3,
  "requires": true,
  "packages": {
    "": {
      "name": "render",
      "version": "1.0.0",
      "license": "ISC",
      "dependencies": {
        "@resvg/resvg-js": "^2.6.2",
        "d3-force": "^3.0.0",
        "echarts": "^6.1.0"
      }
    },
    "node_modules/@resvg/resvg-js": {
      "version": "2.6.2",
      "resolved": "https://mirrors.huaweicloud.com/repository/npm/@resvg/resvg-js/-/resvg-js-2.6.2.tgz",
      "integrity": "sha512-xBaJish5OeGmniDj9cW5PRa/PtmuVU3ziqrbr5xJj901ZDN4TosrVaNZpEiLZAxdfnhAe7uQ7QFWfjPe9d9K2Q==",
      "license": "MPL-2.0",
      "engines": {
        "node": ">= 10"
      },
      "optionalDependencies": {
        "@resvg/resvg-js-android-arm-eabi": "2.6.2",
        "@resvg/resvg-js-android-arm64": "2.6.2",
        "@resvg/resvg-js-darwin-arm64": "2.6.2",
        "@resvg/resvg-js-darwin-x64": "2.6.2",
        "@resvg/resvg-js-linux-arm-gnueabihf": "2.6.2",
        "@resvg/resvg-js-linux-arm64-gnu": "2.6.2",
        "@resvg/resvg-js-linux-arm64-musl": "2.6.2",
        "@resvg/resvg-js-linux-x64-gnu": "2.6.2",
        "@resvg/resvg-js-linux-x64-musl": "2.6.2",
        "@resvg/resvg-js-win32-arm64-msvc": "2.6.2",
        "@resvg/resvg-js-win32-ia32-msvc": "2.6.2",
        "@resvg/resvg-js-win32-x64-msvc": "2.6.2"
      }
    },
    "node_modules/@resvg/resvg-js-android-arm-eabi": {
      "version": "2.6.2",
      "resolved": "https://mirrors.huaweicloud.com/repository/npm/@resvg/resvg-js-android-arm-eabi/-/resvg-js-android-arm-eabi-2.6.2.tgz",
      "integrity": "sha512-FrJibrAk6v29eabIPgcTUMPXiEz8ssrAk7TXxsiZzww9UTQ1Z5KAbFJs+Z0Ez+VZTYgnE5IQJqBcoSiMebtPHA==",
      "cpu": [
        "arm"
      ],
      "license": "MPL-2.0",
      "optional": true,
      "os": [
        "android"
      ],
      "engines": {
        "node": ">= 10"
      }
    },
    "node_modules/@resvg/resvg-js-android-arm64": {
      "version": "2.6.2",
      "resolved": "https://mirrors.huaweicloud.com/repository/npm/@resvg/resvg-js-android-arm64/-/resvg-js-android-arm64-2.6.2.tgz",
      "integrity": "sha512-VcOKezEhm2VqzXpcIJoITuvUS/fcjIw5NA/w3tjzWyzmvoCdd+QXIqy3FBGulWdClvp4g+IfUemigrkLThSjAQ==",
      "cpu": [
        "arm64"
      ],
      "license": "MPL-2.0",
      "optional": true,
      "os": [
        "android"
      ],
      "engines": {
        "node": ">= 10"
      }
    },
    "node_modules/@resvg/resvg-js-darwin-arm64": {
      "version": "2.6.2",
      "resolved": "https://mirrors.huaweicloud.com/repository/npm/@resvg/resvg-js-darwin-arm64/-/resvg-js-darwin-arm64-2.6.2.tgz",
      "integrity": "sha512-nmok2LnAd6nLUKI16aEB9ydMC6Lidiiq2m1nEBDR1LaaP7FGs4AJ90qDraxX+CWlVuRlvNjyYJTNv8qFjtL9+A==",
      "cpu": [
        "arm64"
      ],
      "license": "MPL-2.0",
      "optional": true,
      "os": [
        "darwin"
      ],
      "engines": {
        "node": ">= 10"
      }
    },
    "node_modules/@resvg/resvg-js-darwin-x64": {
      "version": "2.6.2",
      "resolved": "https://mirrors.huaweicloud.com/repository/npm/@resvg/resvg-js-darwin-x64/-/resvg-js-darwin-x64-2.6.2.tgz",
      "integrity": "sha512-GInyZLjgWDfsVT6+SHxQVRwNzV0AuA1uqGsOAW+0th56J7Nh6bHHKXHBWzUrihxMetcFDmQMAX1tZ1fZDYSRsw==",
      "cpu": [
        "x64"
      ],
      "license": "MPL-2.0",
      "optional": true,
      "os": [
        "darwin"
      ],
      "engines": {
        "node": ">= 10"
      }
    },
    "node_modules/@resvg/resvg-js-linux-arm-gnueabihf": {
      "version": "2.6.2",
      "resolved": "https://mirrors.huaweicloud.com/repository/npm/@resvg/resvg-js-linux-arm-gnueabihf/-/resvg-js-linux-arm-gnueabihf-2.6.2.tgz",
      "integrity": "sha512-YIV3u/R9zJbpqTTNwTZM5/ocWetDKGsro0SWp70eGEM9eV2MerWyBRZnQIgzU3YBnSBQ1RcxRZvY/UxwESfZIw==",
      "cpu": [
        "arm"
      ],
      "license": "MPL-2.0",
      "optional": true,
      "os": [
        "linux"
      ],
      "engines": {
        "node": ">= 10"
      }
    },
    "node_modules/@resvg/resvg-js-linux-arm64-gnu": {
      "version": "2.6.2",
      "resolved": "https://mirrors.huaweicloud.com/repository/npm/@resvg/resvg-js-linux-arm64-gnu/-/resvg-js-linux-arm64-gnu-2.6.2.tgz",
      "integrity": "sha512-zc2BlJSim7YR4FZDQ8OUoJg5holYzdiYMeobb9pJuGDidGL9KZUv7SbiD4E8oZogtYY42UZEap7dqkkYuA91pg==",
      "cpu": [
        "arm64"
      ],
      "license": "MPL-2.0",
      "optional": true,
      "os": [
        "linux"
      ],
      "engines": {
        "node": ">= 10"
      }
    },
    "node_modules/@resvg/resvg-js-linux-arm64-musl": {
      "version": "2.6.2",
      "resolved": "https://mirrors.huaweicloud.com/repository/npm/@resvg/resvg-js-linux-arm64-musl/-/resvg-js-linux-arm64-musl-2.6.2.tgz",
      "integrity": "sha512-3h3dLPWNgSsD4lQBJPb4f+kvdOSJHa5PjTYVsWHxLUzH4IFTJUAnmuWpw4KqyQ3NA5QCyhw4TWgxk3jRkQxEKg==",
      "cpu": [
        "arm64"
      ],
      "license": "MPL-2.0",
      "optional": true,
      "os": [
        "linux"
      ],
      "engines": {
        "node": ">= 10"
      }
    },
    "node_modules/@resvg/resvg-js-linux-x64-gnu": {
      "version": "2.6.2",
      "resolved": "https://mirrors.huaweicloud.com/repository/npm/@resvg/resvg-js-linux-x64-gnu/-/resvg-js-linux-x64-gnu-2.6.2.tgz",
      "integrity": "sha512-IVUe+ckIerA7xMZ50duAZzwf1U7khQe2E0QpUxu5MBJNao5RqC0zwV/Zm965vw6D3gGFUl7j4m+oJjubBVoftw==",
      "cpu": [
        "x64"
      ],
      "license": "MPL-2.0",
      "optional": true,
      "os": [
        "linux"
      ],
      "engines": {
        "node": ">= 10"
      }
    },
    "node_modules/@resvg/resvg-js-linux-x64-musl": {
      "version": "2.6.2",
      "resolved": "https://mirrors.huaweicloud.com/repository/npm/@resvg/resvg-js-linux-x64-musl/-/resvg-js-linux-x64-musl-2.6.2.tgz",
      "integrity": "sha512-UOf83vqTzoYQO9SZ0fPl2ZIFtNIz/Rr/y+7X8XRX1ZnBYsQ/tTb+cj9TE+KHOdmlTFBxhYzVkP2lRByCzqi4jQ==",
      "cpu": [
        "x64"
      ],
      "license": "MPL-2.0",
      "optional": true,
      "os": [
        "linux"
      ],
      "engines": {
        "node": ">= 10"
      }
    },
    "node_modules/@resvg/resvg-js-win32-arm64-msvc": {
      "version": "2.6.2",
      "resolved": "https://mirrors.huaweicloud.com/repository/npm/@resvg/resvg-js-win32-arm64-msvc/-/resvg-js-win32-arm64-msvc-2.6.2.tgz",
      "integrity": "sha512-7C/RSgCa+7vqZ7qAbItfiaAWhyRSoD4l4BQAbVDqRRsRgY+S+hgS3in0Rxr7IorKUpGE69X48q6/nOAuTJQxeQ==",
      "cpu": [
        "arm64"
      ],
      "license": "MPL-2.0",
      "optional": true,
      "os": [
        "win32"
      ],
      "engines": {
        "node": ">= 10"
      }
    },
    "node_modules/@resvg/resvg-js-win32-ia32-msvc": {
      "version": "2.6.2",
      "resolved": "https://mirrors.huaweicloud.com/repository/npm/@resvg/resvg-js-win32-ia32-msvc/-/resvg-js-win32-ia32-msvc-2.6.2.tgz",
      "integrity": "sha512-har4aPAlvjnLcil40AC77YDIk6loMawuJwFINEM7n0pZviwMkMvjb2W5ZirsNOZY4aDbo5tLx0wNMREp5Brk+w==",
      "cpu": [
        "ia32"
      ],
      "license": "MPL-2.0",
      "optional": true,
      "os": [
        "win32"
      ],
      "engines": {
        "node": ">= 10"
      }
    },
    "node_modules/@resvg/resvg-js-win32-x64-msvc": {
      "version": "2.6.2",
      "resolved": "https://mirrors.huaweicloud.com/repository/npm/@resvg/resvg-js-win32-x64-msvc/-/resvg-js-win32-x64-msvc-2.6.2.tgz",
      "integrity": "sha512-ZXtYhtUr5SSaBrUDq7DiyjOFJqBVL/dOBN7N/qmi/pO0IgiWW/f/ue3nbvu9joWE5aAKDoIzy/CxsY0suwGosQ==",
      "cpu": [
        "x64"
      ],
      "license": "MPL-2.0",
      "optional": true,
      "os": [
        "win32"
      ],
      "engines": {
        "node": ">= 10"
      }
    },
    "node_modules/d3-dispatch": {
      "version": "3.0.1",
      "resolved": "https://mirrors.huaweicloud.com/repository/npm/d3-dispatch/-/d3-dispatch-3.0.1.tgz",
      "integrity": "sha512-rzUyPU/S7rwUflMyLc1ETDeBj0NRuHKKAcvukozwhshr6g6c5d8zh4c2gQjY2bZ0dXeGLWc1PF174P2tVvKhfg==",
      "license": "ISC",
      "engines": {
        "node": ">=12"
      }
    },
    "node_modules/d3-force": {
      "version": "3.0.0",
      "resolved": "https://mirrors.huaweicloud.com/repository/npm/d3-force/-/d3-force-3.0.0.tgz",
      "integrity": "sha512-zxV/SsA+U4yte8051P4ECydjD/S+qeYtnaIyAs9tgHCqfguma/aAQDjo85A9Z6EKhBirHRJHXIgJUlffT4wdLg==",
      "license": "ISC",
      "dependencies": {
        "d3-dispatch": "1 - 3",
        "d3-quadtree": "1 - 3",
        "d3-timer": "1 - 3"
      },
      "engines": {
        "node": ">=12"
      }
    },
    "node_modules/d3-quadtree": {
      "version": "3.0.1",
      "resolved": "https://mirrors.huaweicloud.com/repository/npm/d3-quadtree/-/d3-quadtree-3.0.1.tgz",
      "integrity": "sha512-04xDrxQTDTCFwP5H6hRhsRcb9xxv2RzkcsygFzmkSIOJy3PeRJP7sNk3VRIbKXcog561P9oU0/rVH6vDROAgUw==",
      "license": "ISC",
      "engines": {
        "node": ">=12"
      }
    },
    "node_modules/d3-timer": {
      "version": "3.0.1",
      "resolved": "https://mirrors.huaweicloud.com/repository/npm/d3-timer/-/d3-timer-3.0.1.tgz",
      "integrity": "sha512-ndfJ/JxxMd3nw31uyKoY2naivF+r29V+Lc0svZxe1JvvIRmi8hUsrMvdOwgS1o6uBHmiz91geQ0ylPP0aj1VUA==",
      "license": "ISC",
      "engines": {
        "node": ">=12"
      }
    },
    "node_modules/echarts": {
      "version": "6.1.0",
      "resolved": "https://mirrors.huaweicloud.com/repository/npm/echarts/-/echarts-6.1.0.tgz",
      "integrity": "sha512-q0yaFPggC9FUdsWH4blavRWFmxdrIodbkoKNAjJudAI6CA9gNPxHtV2RcZNEepZVlk4yvBYkOkbk6HIVpIyHZA==",
      "license": "Apache-2.0",
      "dependencies": {
        "tslib": "2.3.0",
        "zrender": "6.1.0"
      }
    },
    "node_modules/tslib": {
      "version": "2.3.0",
      "resolved": "https://mirrors.huaweicloud.com/repository/npm/tslib/-/tslib-2.3.0.tgz",
      "integrity": "sha512-N82ooyxVNm6h1riLCoyS9e3fuJ3AMG2zIZs2Gd1ATcSFjSA23Q0fzjjZeh0jbJvWVDZ0cJT8yaNNaaXHzueNjg==",
      "license": "0BSD"
    },
    "node_modules/zrender": {
      "version": "6.1.0",
      "resolved": "https://mirrors.huaweicloud.com/repository/npm/zrender/-/zrender-6.1.0.tgz",
      "integrity": "sha512-oEGMDB6pOP2S6OwRR4PdVv610zrjnA3Bh+JnSG12fYJlBKjtNAoEb5fSUoCOOINlH96I2fU38/A2UpRKs67xYQ==",
      "license": "BSD-3-Clause",
      "dependencies": {
        "tslib": "2.3.0"
      }
    }
  }
}
